
Microsoft Visual Studio Solution File, Format Version 12.00
Project("{2150E333-8FDC-42A3-9474-1A3956D46DE8}") = "SolutionItems", "SolutionItems", "{134D955F-DFF1-4C88-830E-C8CC4F427F41}"
	ProjectSection(SolutionItems) = preProject
		..\..\.editorconfig = ..\..\.editorconfig
		..\..\.gitignore = ..\..\.gitignore
		..\..\global.json = ..\..\global.json
		README.md = README.md
	EndProjectSection
EndProject
Project("{2150E333-8FDC-42A3-9474-1A3956D46DE8}") = "src", "src", "{08B32287-789F-4DCA-B8F4-CDC2A3C820A7}"
EndProject
Project("{2150E333-8FDC-42A3-9474-1A3956D46DE8}") = "tests", "tests", "{14DE0A4B-E7F8-4DA6-8FE0-9737740CC18B}"
EndProject
Project("{FAE04EC0-301F-11D3-BF4B-00C04F79EFBC}") = "CLRViaCSharp.CLRBasics", "src\CLRViaCSharp.CLRBasics\CLRViaCSharp.CLRBasics.csproj", "{78ACAF6E-324D-4747-8D1C-BEF8E7F5B203}"
EndProject
Project("{FAE04EC0-301F-11D3-BF4B-00C04F79EFBC}") = "CLRViaCSharp.DesigningTypes", "src\CLRViaCSharp.DesigningTypes\CLRViaCSharp.DesigningTypes.csproj", "{84A9D4D5-F362-4DED-AF10-59A6AE4245A6}"
EndProject
Project("{FAE04EC0-301F-11D3-BF4B-00C04F79EFBC}") = "CLRViaCSharp.EssentialTypes", "src\CLRViaCSharp.EssentialTypes\CLRViaCSharp.EssentialTypes.csproj", "{272D3093-2CE2-4CD2-B58E-EB590410FE41}"
EndProject
Project("{FAE04EC0-301F-11D3-BF4B-00C04F79EFBC}") = "CLRViaCSharp.CoreFacilities", "src\CLRViaCSharp.CoreFacilities\CLRViaCSharp.CoreFacilities.csproj", "{FD8AA468-5FA4-4172-B9DF-EFAE8A827B81}"
EndProject
Project("{FAE04EC0-301F-11D3-BF4B-00C04F79EFBC}") = "CLRViaCSharp.Common", "src\CLRViaCSharp.Common\CLRViaCSharp.Common.csproj", "{A604C407-946C-48E0-8317-300C4EBF9132}"
EndProject
Project("{2150E333-8FDC-42A3-9474-1A3956D46DE8}") = "img", "img", "{37FB5E21-DA11-40E4-919C-6ED5FE2A6B7B}"
	ProjectSection(SolutionItems) = preProject
		img\managed-heap-next-obj-ptr.png = img\managed-heap-next-obj-ptr.png
	EndProjectSection
EndProject
Global
	GlobalSection(SolutionConfigurationPlatforms) = preSolution
		Debug|Any CPU = Debug|Any CPU
		Release|Any CPU = Release|Any CPU
	EndGlobalSection
	GlobalSection(ProjectConfigurationPlatforms) = postSolution
		{78ACAF6E-324D-4747-8D1C-BEF8E7F5B203}.Debug|Any CPU.ActiveCfg = Debug|Any CPU
		{78ACAF6E-324D-4747-8D1C-BEF8E7F5B203}.Debug|Any CPU.Build.0 = Debug|Any CPU
		{78ACAF6E-324D-4747-8D1C-BEF8E7F5B203}.Release|Any CPU.ActiveCfg = Release|Any CPU
		{78ACAF6E-324D-4747-8D1C-BEF8E7F5B203}.Release|Any CPU.Build.0 = Release|Any CPU
		{84A9D4D5-F362-4DED-AF10-59A6AE4245A6}.Debug|Any CPU.ActiveCfg = Debug|Any CPU
		{84A9D4D5-F362-4DED-AF10-59A6AE4245A6}.Debug|Any CPU.Build.0 = Debug|Any CPU
		{84A9D4D5-F362-4DED-AF10-59A6AE4245A6}.Release|Any CPU.ActiveCfg = Release|Any CPU
		{84A9D4D5-F362-4DED-AF10-59A6AE4245A6}.Release|Any CPU.Build.0 = Release|Any CPU
		{272D3093-2CE2-4CD2-B58E-EB590410FE41}.Debug|Any CPU.ActiveCfg = Debug|Any CPU
		{272D3093-2CE2-4CD2-B58E-EB590410FE41}.Debug|Any CPU.Build.0 = Debug|Any CPU
		{272D3093-2CE2-4CD2-B58E-EB590410FE41}.Release|Any CPU.ActiveCfg = Release|Any CPU
		{272D3093-2CE2-4CD2-B58E-EB590410FE41}.Release|Any CPU.Build.0 = Release|Any CPU
		{FD8AA468-5FA4-4172-B9DF-EFAE8A827B81}.Debug|Any CPU.ActiveCfg = Debug|Any CPU
		{FD8AA468-5FA4-4172-B9DF-EFAE8A827B81}.Debug|Any CPU.Build.0 = Debug|Any CPU
		{FD8AA468-5FA4-4172-B9DF-EFAE8A827B81}.Release|Any CPU.ActiveCfg = Release|Any CPU
		{FD8AA468-5FA4-4172-B9DF-EFAE8A827B81}.Release|Any CPU.Build.0 = Release|Any CPU
		{A604C407-946C-48E0-8317-300C4EBF9132}.Debug|Any CPU.ActiveCfg = Debug|Any CPU
		{A604C407-946C-48E0-8317-300C4EBF9132}.Debug|Any CPU.Build.0 = Debug|Any CPU
		{A604C407-946C-48E0-8317-300C4EBF9132}.Release|Any CPU.ActiveCfg = Release|Any CPU
		{A604C407-946C-48E0-8317-300C4EBF9132}.Release|Any CPU.Build.0 = Release|Any CPU
	EndGlobalSection
	GlobalSection(NestedProjects) = preSolution
		{78ACAF6E-324D-4747-8D1C-BEF8E7F5B203} = {08B32287-789F-4DCA-B8F4-CDC2A3C820A7}
		{84A9D4D5-F362-4DED-AF10-59A6AE4245A6} = {08B32287-789F-4DCA-B8F4-CDC2A3C820A7}
		{272D3093-2CE2-4CD2-B58E-EB590410FE41} = {08B32287-789F-4DCA-B8F4-CDC2A3C820A7}
		{FD8AA468-5FA4-4172-B9DF-EFAE8A827B81} = {08B32287-789F-4DCA-B8F4-CDC2A3C820A7}
		{A604C407-946C-48E0-8317-300C4EBF9132} = {08B32287-789F-4DCA-B8F4-CDC2A3C820A7}
	EndGlobalSection
EndGlobal
